
Microsoft Visual Studio Solution File, Format Version 12.00
# Visual Studio Version 16
VisualStudioVersion = 16.0.31025.194
MinimumVisualStudioVersion = 10.0.40219.1
Project("{FAE04EC0-301F-11D3-BF4B-00C04F79EFBC}") = "ASP.NET Web API", "ASP.NET Web API\ASP.NET Web API.csproj", "{1CE7AC72-5614-41AA-9144-DFFB72EB489D}"
EndProject
Global
	GlobalSection(SolutionConfigurationPlatforms) = preSolution
		Debug|Any CPU = Debug|Any CPU
		Release|Any CPU = Release|Any CPU
	EndGlobalSection
	GlobalSection(ProjectConfigurationPlatforms) = postSolution
		{1CE7AC72-5614-41AA-9144-DFFB72EB489D}.Debug|Any CPU.ActiveCfg = Debug|Any CPU
		{1CE7AC72-5614-41AA-9144-DFFB72EB489D}.Debug|Any CPU.Build.0 = Debug|Any CPU
		{1CE7AC72-5614-41AA-9144-DFFB72EB489D}.Release|Any CPU.ActiveCfg = Release|Any CPU
		{1CE7AC72-5614-41AA-9144-DFFB72EB489D}.Release|Any CPU.Build.0 = Release|Any CPU
	EndGlobalSection
	GlobalSection(SolutionProperties) = preSolution
		HideSolutionNode = FALSE
	EndGlobalSection
	GlobalSection(ExtensibilityGlobals) = postSolution
		SolutionGuid = {C92A0E38-FBE1-4A10-824C-C59E7E23919F}
	EndGlobalSection
EndGlobal
