
Microsoft Visual Studio Solution File, Format Version 12.00
# Visual Studio Version 16
VisualStudioVersion = 16.0.31025.194
MinimumVisualStudioVersion = 10.0.40219.1
Project("{FAE04EC0-301F-11D3-BF4B-00C04F79EFBC}") = "LangTool", "LangTool\LangTool.csproj", "{DC125F42-20CF-40F3-B731-C49252E26C24}"
EndProject
Global
	GlobalSection(SolutionConfigurationPlatforms) = preSolution
		Debug|Any CPU = Debug|Any CPU
		Release|Any CPU = Release|Any CPU
	EndGlobalSection
	GlobalSection(ProjectConfigurationPlatforms) = postSolution
		{DC125F42-20CF-40F3-B731-C49252E26C24}.Debug|Any CPU.ActiveCfg = Debug|Any CPU
		{DC125F42-20CF-40F3-B731-C49252E26C24}.Debug|Any CPU.Build.0 = Debug|Any CPU
		{DC125F42-20CF-40F3-B731-C49252E26C24}.Release|Any CPU.ActiveCfg = Release|Any CPU
		{DC125F42-20CF-40F3-B731-C49252E26C24}.Release|Any CPU.Build.0 = Release|Any CPU
	EndGlobalSection
	GlobalSection(SolutionProperties) = preSolution
		HideSolutionNode = FALSE
	EndGlobalSection
	GlobalSection(ExtensibilityGlobals) = postSolution
		SolutionGuid = {931C4BA1-0C1B-4E43-BCCB-1F09B8388030}
	EndGlobalSection
EndGlobal
